
Microsoft Visual Studio Solution File, Format Version 12.00
# Visual Studio Version 17
VisualStudioVersion = 17.6.33815.320
MinimumVisualStudioVersion = 10.0.40219.1
Project("{FAE04EC0-301F-11D3-BF4B-00C04F79EFBC}") = "WebApplication2", "WebApplication2\WebApplication2.csproj", "{1D2D0566-CDB9-483A-A9BE-1C5379DFD807}"
EndProject
Global
	GlobalSection(SolutionConfigurationPlatforms) = preSolution
		Debug|Any CPU = Debug|Any CPU
		Release|Any CPU = Release|Any CPU
	EndGlobalSection
	GlobalSection(ProjectConfigurationPlatforms) = postSolution
		{1D2D0566-CDB9-483A-A9BE-1C5379DFD807}.Debug|Any CPU.ActiveCfg = Debug|Any CPU
		{1D2D0566-CDB9-483A-A9BE-1C5379DFD807}.Debug|Any CPU.Build.0 = Debug|Any CPU
		{1D2D0566-CDB9-483A-A9BE-1C5379DFD807}.Release|Any CPU.ActiveCfg = Release|Any CPU
		{1D2D0566-CDB9-483A-A9BE-1C5379DFD807}.Release|Any CPU.Build.0 = Release|Any CPU
	EndGlobalSection
	GlobalSection(SolutionProperties) = preSolution
		HideSolutionNode = FALSE
	EndGlobalSection
	GlobalSection(ExtensibilityGlobals) = postSolution
		SolutionGuid = {BF23B2E4-9E9D-4D70-9C32-CDB22CE21655}
	EndGlobalSection
EndGlobal
